{
    "_meta": {
        "hash": {
            "sha256": "53f583f6a342138fef67126f0b95019b5300ce2ee3ca1218d8b6ac803735c1d4"
        },
        "pipfile-spec": 6,
        "requires": {
            "python_version": "3.7"
        },
        "sources": [
            {
                "name": "pypi",
                "url": "https://pypi.org/simple",
                "verify_ssl": true
            }
        ]
    },
    "default": {
        "smbus2": {
            "hashes": [
                "sha256:4d5aae2f65d39056bb44e8906d5c503f8ee7e02fadb0a6433f1091a9ce528dde"
            ],
            "index": "pypi",
            "version": "==0.2.3"
        }
    },
    "develop": {}
}
